// !$*UTF8*$!
{
	archiveVersion = 1;
	classes = {
	};
	objectVersion = 50;
	objects = {

/* Begin PBXBuildFile section */
		C35C14C423888C9C002F2B4C /* AppDelegate.swift in Sources */ = {isa = PBXBuildFile; fileRef = C35C14C323888C9C002F2B4C /* AppDelegate.swift */; };
		C35C14C623888C9C002F2B4C /* SceneDelegate.swift in Sources */ = {isa = PBXBuildFile; fileRef = C35C14C523888C9C002F2B4C /* SceneDelegate.swift */; };
		C35C14CA23888C9D002F2B4C /* Assets.xcassets in Resources */ = {isa = PBXBuildFile; fileRef = C35C14C923888C9D002F2B4C /* Assets.xcassets */; };
		C35C14CD23888C9D002F2B4C /* Preview Assets.xcassets in Resources */ = {isa = PBXBuildFile; fileRef = C35C14CC23888C9D002F2B4C /* Preview Assets.xcassets */; };
		C35C14D023888C9D002F2B4C /* LaunchScreen.storyboard in Resources */ = {isa = PBXBuildFile; fileRef = C35C14CE23888C9D002F2B4C /* LaunchScreen.storyboard */; };
		C35C14DB23888C9D002F2B4C /* SwiftUI_test3Tests.swift in Sources */ = {isa = PBXBuildFile; fileRef = C35C14DA23888C9D002F2B4C /* SwiftUI_test3Tests.swift */; };
		C35C14E623888C9D002F2B4C /* SwiftUI_test3UITests.swift in Sources */ = {isa = PBXBuildFile; fileRef = C35C14E523888C9D002F2B4C /* SwiftUI_test3UITests.swift */; };
		C35C14F423889637002F2B4C /* CircleImage.swift in Sources */ = {isa = PBXBuildFile; fileRef = C35C14F323889637002F2B4C /* CircleImage.swift */; };
		C35C14F6238898D6002F2B4C /* MapView.swift in Sources */ = {isa = PBXBuildFile; fileRef = C35C14F5238898D6002F2B4C /* MapView.swift */; };
		C35C14FA23889E03002F2B4C /* Data.swift in Sources */ = {isa = PBXBuildFile; fileRef = C35C14F823889E03002F2B4C /* Data.swift */; };
		C35C14FB23889E03002F2B4C /* Landmark.swift in Sources */ = {isa = PBXBuildFile; fileRef = C35C14F923889E03002F2B4C /* Landmark.swift */; };
		C35C14FE23889E51002F2B4C /* landmarkData.json in Resources */ = {isa = PBXBuildFile; fileRef = C35C14FD23889E51002F2B4C /* landmarkData.json */; };
		C3691D792388A254008FBC22 /* LandmarkDetail.swift in Sources */ = {isa = PBXBuildFile; fileRef = C3691D782388A254008FBC22 /* LandmarkDetail.swift */; };
		C3691D7B2388A526008FBC22 /* LandmarkRow.swift in Sources */ = {isa = PBXBuildFile; fileRef = C3691D7A2388A526008FBC22 /* LandmarkRow.swift */; };
		C38E0A1E2388A7E00015A015 /* turtlerock.jpg in Resources */ = {isa = PBXBuildFile; fileRef = C38E0A172388A7E00015A015 /* turtlerock.jpg */; };
		C38E0A1F2388A7E00015A015 /* umbagog.jpg in Resources */ = {isa = PBXBuildFile; fileRef = C38E0A182388A7E00015A015 /* umbagog.jpg */; };
		C38E0A202388A7E00015A015 /* rainbowlake.jpg in Resources */ = {isa = PBXBuildFile; fileRef = C38E0A192388A7E00015A015 /* rainbowlake.jpg */; };
		C38E0A212388A7E00015A015 /* twinlake.jpg in Resources */ = {isa = PBXBuildFile; fileRef = C38E0A1A2388A7E00015A015 /* twinlake.jpg */; };
		C38E0A222388A7E00015A015 /* stmarylake.jpg in Resources */ = {isa = PBXBuildFile; fileRef = C38E0A1B2388A7E00015A015 /* stmarylake.jpg */; };
		C38E0A232388A7E00015A015 /* silversalmoncreek.jpg in Resources */ = {isa = PBXBuildFile; fileRef = C38E0A1C2388A7E00015A015 /* silversalmoncreek.jpg */; };
		C38E0A242388A7E00015A015 /* yukon_charleyrivers.jpg in Resources */ = {isa = PBXBuildFile; fileRef = C38E0A1D2388A7E00015A015 /* yukon_charleyrivers.jpg */; };
		C38E0A2A2388A7F20015A015 /* lakemcdonald.jpg in Resources */ = {isa = PBXBuildFile; fileRef = C38E0A252388A7F20015A015 /* lakemcdonald.jpg */; };
		C38E0A2B2388A7F20015A015 /* hiddenlake.jpg in Resources */ = {isa = PBXBuildFile; fileRef = C38E0A262388A7F20015A015 /* hiddenlake.jpg */; };
		C38E0A2C2388A7F20015A015 /* icybay.jpg in Resources */ = {isa = PBXBuildFile; fileRef = C38E0A272388A7F20015A015 /* icybay.jpg */; };
		C38E0A2D2388A7F20015A015 /* chincoteague.jpg in Resources */ = {isa = PBXBuildFile; fileRef = C38E0A282388A7F20015A015 /* chincoteague.jpg */; };
		C38E0A2E2388A7F20015A015 /* chilkoottrail.jpg in Resources */ = {isa = PBXBuildFile; fileRef = C38E0A292388A7F20015A015 /* chilkoottrail.jpg */; };
		C38E0A302388A9F30015A015 /* LandmarkList.swift in Sources */ = {isa = PBXBuildFile; fileRef = C38E0A2F2388A9F30015A015 /* LandmarkList.swift */; };
		C38E0A322388BAFC0015A015 /* UserData.swift in Sources */ = {isa = PBXBuildFile; fileRef = C38E0A312388BAFC0015A015 /* UserData.swift */; };
		C38E0A342388CA0A0015A015 /* Badge.swift in Sources */ = {isa = PBXBuildFile; fileRef = C38E0A332388CA0A0015A015 /* Badge.swift */; };
		C38E0A362388CA5D0015A015 /* HexagonParameters.swift in Sources */ = {isa = PBXBuildFile; fileRef = C38E0A352388CA5D0015A015 /* HexagonParameters.swift */; };
/* End PBXBuildFile section */

/* Begin PBXContainerItemProxy section */
		C35C14D723888C9D002F2B4C /* PBXContainerItemProxy */ = {
			isa = PBXContainerItemProxy;
			containerPortal = C35C14B823888C9C002F2B4C /* Project object */;
			proxyType = 1;
			remoteGlobalIDString = C35C14BF23888C9C002F2B4C;
			remoteInfo = SwiftUI_test3;
		};
		C35C14E223888C9D002F2B4C /* PBXContainerItemProxy */ = {
			isa = PBXContainerItemProxy;
			containerPortal = C35C14B823888C9C002F2B4C /* Project object */;
			proxyType = 1;
			remoteGlobalIDString = C35C14BF23888C9C002F2B4C;
			remoteInfo = SwiftUI_test3;
		};
/* End PBXContainerItemProxy section */

/* Begin PBXFileReference section */
		C35C14C023888C9C002F2B4C /* SwiftUI_test3.app */ = {isa = PBXFileReference; explicitFileType = wrapper.application; includeInIndex = 0; path = SwiftUI_test3.app; sourceTree = BUILT_PRODUCTS_DIR; };
		C35C14C323888C9C002F2B4C /* AppDelegate.swift */ = {isa = PBXFileReference; lastKnownFileType = sourcecode.swift; path = AppDelegate.swift; sourceTree = "<group>"; };
		C35C14C523888C9C002F2B4C /* SceneDelegate.swift */ = {isa = PBXFileReference; lastKnownFileType = sourcecode.swift; path = SceneDelegate.swift; sourceTree = "<group>"; };
		C35C14C923888C9D002F2B4C /* Assets.xcassets */ = {isa = PBXFileReference; lastKnownFileType = folder.assetcatalog; path = Assets.xcassets; sourceTree = "<group>"; };
		C35C14CC23888C9D002F2B4C /* Preview Assets.xcassets */ = {isa = PBXFileReference; lastKnownFileType = folder.assetcatalog; path = "Preview Assets.xcassets"; sourceTree = "<group>"; };
		C35C14CF23888C9D002F2B4C /* Base */ = {isa = PBXFileReference; lastKnownFileType = file.storyboard; name = Base; path = Base.lproj/LaunchScreen.storyboard; sourceTree = "<group>"; };
		C35C14D123888C9D002F2B4C /* Info.plist */ = {isa = PBXFileReference; lastKnownFileType = text.plist.xml; path = Info.plist; sourceTree = "<group>"; };
		C35C14D623888C9D002F2B4C /* SwiftUI_test3Tests.xctest */ = {isa = PBXFileReference; explicitFileType = wrapper.cfbundle; includeInIndex = 0; path = SwiftUI_test3Tests.xctest; sourceTree = BUILT_PRODUCTS_DIR; };
		C35C14DA23888C9D002F2B4C /* SwiftUI_test3Tests.swift */ = {isa = PBXFileReference; lastKnownFileType = sourcecode.swift; path = SwiftUI_test3Tests.swift; sourceTree = "<group>"; };
		C35C14DC23888C9D002F2B4C /* Info.plist */ = {isa = PBXFileReference; lastKnownFileType = text.plist.xml; path = Info.plist; sourceTree = "<group>"; };
		C35C14E123888C9D002F2B4C /* SwiftUI_test3UITests.xctest */ = {isa = PBXFileReference; explicitFileType = wrapper.cfbundle; includeInIndex = 0; path = SwiftUI_test3UITests.xctest; sourceTree = BUILT_PRODUCTS_DIR; };
		C35C14E523888C9D002F2B4C /* SwiftUI_test3UITests.swift */ = {isa = PBXFileReference; lastKnownFileType = sourcecode.swift; path = SwiftUI_test3UITests.swift; sourceTree = "<group>"; };
		C35C14E723888C9D002F2B4C /* Info.plist */ = {isa = PBXFileReference; lastKnownFileType = text.plist.xml; path = Info.plist; sourceTree = "<group>"; };
		C35C14F323889637002F2B4C /* CircleImage.swift */ = {isa = PBXFileReference; lastKnownFileType = sourcecode.swift; path = CircleImage.swift; sourceTree = "<group>"; };
		C35C14F5238898D6002F2B4C /* MapView.swift */ = {isa = PBXFileReference; lastKnownFileType = sourcecode.swift; path = MapView.swift; sourceTree = "<group>"; };
		C35C14F823889E03002F2B4C /* Data.swift */ = {isa = PBXFileReference; fileEncoding = 4; lastKnownFileType = sourcecode.swift; path = Data.swift; sourceTree = "<group>"; };
		C35C14F923889E03002F2B4C /* Landmark.swift */ = {isa = PBXFileReference; fileEncoding = 4; lastKnownFileType = sourcecode.swift; path = Landmark.swift; sourceTree = "<group>"; };
		C35C14FD23889E51002F2B4C /* landmarkData.json */ = {isa = PBXFileReference; fileEncoding = 4; lastKnownFileType = text.json; path = landmarkData.json; sourceTree = "<group>"; };
		C3691D782388A254008FBC22 /* LandmarkDetail.swift */ = {isa = PBXFileReference; lastKnownFileType = sourcecode.swift; path = LandmarkDetail.swift; sourceTree = "<group>"; };
		C3691D7A2388A526008FBC22 /* LandmarkRow.swift */ = {isa = PBXFileReference; lastKnownFileType = sourcecode.swift; path = LandmarkRow.swift; sourceTree = "<group>"; };
		C38E0A172388A7E00015A015 /* turtlerock.jpg */ = {isa = PBXFileReference; lastKnownFileType = image.jpeg; path = turtlerock.jpg; sourceTree = "<group>"; };
		C38E0A182388A7E00015A015 /* umbagog.jpg */ = {isa = PBXFileReference; lastKnownFileType = image.jpeg; path = umbagog.jpg; sourceTree = "<group>"; };
		C38E0A192388A7E00015A015 /* rainbowlake.jpg */ = {isa = PBXFileReference; lastKnownFileType = image.jpeg; path = rainbowlake.jpg; sourceTree = "<group>"; };
		C38E0A1A2388A7E00015A015 /* twinlake.jpg */ = {isa = PBXFileReference; lastKnownFileType = image.jpeg; path = twinlake.jpg; sourceTree = "<group>"; };
		C38E0A1B2388A7E00015A015 /* stmarylake.jpg */ = {isa = PBXFileReference; lastKnownFileType = image.jpeg; path = stmarylake.jpg; sourceTree = "<group>"; };
		C38E0A1C2388A7E00015A015 /* silversalmoncreek.jpg */ = {isa = PBXFileReference; lastKnownFileType = image.jpeg; path = silversalmoncreek.jpg; sourceTree = "<group>"; };
		C38E0A1D2388A7E00015A015 /* yukon_charleyrivers.jpg */ = {isa = PBXFileReference; lastKnownFileType = image.jpeg; path = yukon_charleyrivers.jpg; sourceTree = "<group>"; };
		C38E0A252388A7F20015A015 /* lakemcdonald.jpg */ = {isa = PBXFileReference; lastKnownFileType = image.jpeg; path = lakemcdonald.jpg; sourceTree = "<group>"; };
		C38E0A262388A7F20015A015 /* hiddenlake.jpg */ = {isa = PBXFileReference; lastKnownFileType = image.jpeg; path = hiddenlake.jpg; sourceTree = "<group>"; };
		C38E0A272388A7F20015A015 /* icybay.jpg */ = {isa = PBXFileReference; lastKnownFileType = image.jpeg; path = icybay.jpg; sourceTree = "<group>"; };
		C38E0A282388A7F20015A015 /* chincoteague.jpg */ = {isa = PBXFileReference; lastKnownFileType = image.jpeg; path = chincoteague.jpg; sourceTree = "<group>"; };
		C38E0A292388A7F20015A015 /* chilkoottrail.jpg */ = {isa = PBXFileReference; lastKnownFileType = image.jpeg; path = chilkoottrail.jpg; sourceTree = "<group>"; };
		C38E0A2F2388A9F30015A015 /* LandmarkList.swift */ = {isa = PBXFileReference; lastKnownFileType = sourcecode.swift; path = LandmarkList.swift; sourceTree = "<group>"; };
		C38E0A312388BAFC0015A015 /* UserData.swift */ = {isa = PBXFileReference; lastKnownFileType = sourcecode.swift; path = UserData.swift; sourceTree = "<group>"; };
		C38E0A332388CA0A0015A015 /* Badge.swift */ = {isa = PBXFileReference; lastKnownFileType = sourcecode.swift; path = Badge.swift; sourceTree = "<group>"; };
		C38E0A352388CA5D0015A015 /* HexagonParameters.swift */ = {isa = PBXFileReference; fileEncoding = 4; lastKnownFileType = sourcecode.swift; path = HexagonParameters.swift; sourceTree = "<group>"; };
/* End PBXFileReference section */

/* Begin PBXFrameworksBuildPhase section */
		C35C14BD23888C9C002F2B4C /* Frameworks */ = {
			isa = PBXFrameworksBuildPhase;
			buildActionMask = 2147483647;
			files = (
			);
			runOnlyForDeploymentPostprocessing = 0;
		};
		C35C14D323888C9D002F2B4C /* Frameworks */ = {
			isa = PBXFrameworksBuildPhase;
			buildActionMask = 2147483647;
			files = (
			);
			runOnlyForDeploymentPostprocessing = 0;
		};
		C35C14DE23888C9D002F2B4C /* Frameworks */ = {
			isa = PBXFrameworksBuildPhase;
			buildActionMask = 2147483647;
			files = (
			);
			runOnlyForDeploymentPostprocessing = 0;
		};
/* End PBXFrameworksBuildPhase section */

/* Begin PBXGroup section */
		C35C14B723888C9C002F2B4C = {
			isa = PBXGroup;
			children = (
				C35C14C223888C9C002F2B4C /* SwiftUI_test3 */,
				C35C14D923888C9D002F2B4C /* SwiftUI_test3Tests */,
				C35C14E423888C9D002F2B4C /* SwiftUI_test3UITests */,
				C35C14C123888C9C002F2B4C /* Products */,
			);
			sourceTree = "<group>";
		};
		C35C14C123888C9C002F2B4C /* Products */ = {
			isa = PBXGroup;
			children = (
				C35C14C023888C9C002F2B4C /* SwiftUI_test3.app */,
				C35C14D623888C9D002F2B4C /* SwiftUI_test3Tests.xctest */,
				C35C14E123888C9D002F2B4C /* SwiftUI_test3UITests.xctest */,
			);
			name = Products;
			sourceTree = "<group>";
		};
		C35C14C223888C9C002F2B4C /* SwiftUI_test3 */ = {
			isa = PBXGroup;
			children = (
				C35C14FC23889E3C002F2B4C /* Resources */,
				C35C14F723889DE1002F2B4C /* Models */,
				C35C14C323888C9C002F2B4C /* AppDelegate.swift */,
				C35C14C523888C9C002F2B4C /* SceneDelegate.swift */,
				C35C14C923888C9D002F2B4C /* Assets.xcassets */,
				C35C14F323889637002F2B4C /* CircleImage.swift */,
				C3691D782388A254008FBC22 /* LandmarkDetail.swift */,
				C3691D7A2388A526008FBC22 /* LandmarkRow.swift */,
				C38E0A2F2388A9F30015A015 /* LandmarkList.swift */,
				C38E0A332388CA0A0015A015 /* Badge.swift */,
				C38E0A312388BAFC0015A015 /* UserData.swift */,
				C35C14F5238898D6002F2B4C /* MapView.swift */,
				C38E0A352388CA5D0015A015 /* HexagonParameters.swift */,
				C35C14CE23888C9D002F2B4C /* LaunchScreen.storyboard */,
				C35C14D123888C9D002F2B4C /* Info.plist */,
				C35C14CB23888C9D002F2B4C /* Preview Content */,
			);
			path = SwiftUI_test3;
			sourceTree = "<group>";
		};
		C35C14CB23888C9D002F2B4C /* Preview Content */ = {
			isa = PBXGroup;
			children = (
				C35C14CC23888C9D002F2B4C /* Preview Assets.xcassets */,
			);
			path = "Preview Content";
			sourceTree = "<group>";
		};
		C35C14D923888C9D002F2B4C /* SwiftUI_test3Tests */ = {
			isa = PBXGroup;
			children = (
				C35C14DA23888C9D002F2B4C /* SwiftUI_test3Tests.swift */,
				C35C14DC23888C9D002F2B4C /* Info.plist */,
			);
			path = SwiftUI_test3Tests;
			sourceTree = "<group>";
		};
		C35C14E423888C9D002F2B4C /* SwiftUI_test3UITests */ = {
			isa = PBXGroup;
			children = (
				C35C14E523888C9D002F2B4C /* SwiftUI_test3UITests.swift */,
				C35C14E723888C9D002F2B4C /* Info.plist */,
			);
			path = SwiftUI_test3UITests;
			sourceTree = "<group>";
		};
		C35C14F723889DE1002F2B4C /* Models */ = {
			isa = PBXGroup;
			children = (
				C35C14F823889E03002F2B4C /* Data.swift */,
				C35C14F923889E03002F2B4C /* Landmark.swift */,
			);
			path = Models;
			sourceTree = "<group>";
		};
		C35C14FC23889E3C002F2B4C /* Resources */ = {
			isa = PBXGroup;
			children = (
				C38E0A192388A7E00015A015 /* rainbowlake.jpg */,
				C38E0A1C2388A7E00015A015 /* silversalmoncreek.jpg */,
				C38E0A1B2388A7E00015A015 /* stmarylake.jpg */,
				C38E0A172388A7E00015A015 /* turtlerock.jpg */,
				C38E0A292388A7F20015A015 /* chilkoottrail.jpg */,
				C38E0A282388A7F20015A015 /* chincoteague.jpg */,
				C38E0A262388A7F20015A015 /* hiddenlake.jpg */,
				C38E0A272388A7F20015A015 /* icybay.jpg */,
				C38E0A252388A7F20015A015 /* lakemcdonald.jpg */,
				C38E0A1A2388A7E00015A015 /* twinlake.jpg */,
				C38E0A182388A7E00015A015 /* umbagog.jpg */,
				C38E0A1D2388A7E00015A015 /* yukon_charleyrivers.jpg */,
				C35C14FD23889E51002F2B4C /* landmarkData.json */,
			);
			path = Resources;
			sourceTree = "<group>";
		};
/* End PBXGroup section */

/* Begin PBXNativeTarget section */
		C35C14BF23888C9C002F2B4C /* SwiftUI_test3 */ = {
			isa = PBXNativeTarget;
			buildConfigurationList = C35C14EA23888C9D002F2B4C /* Build configuration list for PBXNativeTarget "SwiftUI_test3" */;
			buildPhases = (
				C35C14BC23888C9C002F2B4C /* Sources */,
				C35C14BD23888C9C002F2B4C /* Frameworks */,
				C35C14BE23888C9C002F2B4C /* Resources */,
			);
			buildRules = (
			);
			dependencies = (
			);
			name = SwiftUI_test3;
			productName = SwiftUI_test3;
			productReference = C35C14C023888C9C002F2B4C /* SwiftUI_test3.app */;
			productType = "com.apple.product-type.application";
		};
		C35C14D523888C9D002F2B4C /* SwiftUI_test3Tests */ = {
			isa = PBXNativeTarget;
			buildConfigurationList = C35C14ED23888C9D002F2B4C /* Build configuration list for PBXNativeTarget "SwiftUI_test3Tests" */;
			buildPhases = (
				C35C14D223888C9D002F2B4C /* Sources */,
				C35C14D323888C9D002F2B4C /* Frameworks */,
				C35C14D423888C9D002F2B4C /* Resources */,
			);
			buildRules = (
			);
			dependencies = (
				C35C14D823888C9D002F2B4C /* PBXTargetDependency */,
			);
			name = SwiftUI_test3Tests;
			productName = SwiftUI_test3Tests;
			productReference = C35C14D623888C9D002F2B4C /* SwiftUI_test3Tests.xctest */;
			productType = "com.apple.product-type.bundle.unit-test";
		};
		C35C14E023888C9D002F2B4C /* SwiftUI_test3UITests */ = {
			isa = PBXNativeTarget;
			buildConfigurationList = C35C14F023888C9D002F2B4C /* Build configuration list for PBXNativeTarget "SwiftUI_test3UITests" */;
			buildPhases = (
				C35C14DD23888C9D002F2B4C /* Sources */,
				C35C14DE23888C9D002F2B4C /* Frameworks */,
				C35C14DF23888C9D002F2B4C /* Resources */,
			);
			buildRules = (
			);
			dependencies = (
				C35C14E323888C9D002F2B4C /* PBXTargetDependency */,
			);
			name = SwiftUI_test3UITests;
			productName = SwiftUI_test3UITests;
			productReference = C35C14E123888C9D002F2B4C /* SwiftUI_test3UITests.xctest */;
			productType = "com.apple.product-type.bundle.ui-testing";
		};
/* End PBXNativeTarget section */

/* Begin PBXProject section */
		C35C14B823888C9C002F2B4C /* Project object */ = {
			isa = PBXProject;
			attributes = {
				LastSwiftUpdateCheck = 1120;
				LastUpgradeCheck = 1120;
				ORGANIZATIONNAME = administrator;
				TargetAttributes = {
					C35C14BF23888C9C002F2B4C = {
						CreatedOnToolsVersion = 11.2.1;
					};
					C35C14D523888C9D002F2B4C = {
						CreatedOnToolsVersion = 11.2.1;
						TestTargetID = C35C14BF23888C9C002F2B4C;
					};
					C35C14E023888C9D002F2B4C = {
						CreatedOnToolsVersion = 11.2.1;
						TestTargetID = C35C14BF23888C9C002F2B4C;
					};
				};
			};
			buildConfigurationList = C35C14BB23888C9C002F2B4C /* Build configuration list for PBXProject "SwiftUI_test3" */;
			compatibilityVersion = "Xcode 9.3";
			developmentRegion = en;
			hasScannedForEncodings = 0;
			knownRegions = (
				en,
				Base,
			);
			mainGroup = C35C14B723888C9C002F2B4C;
			productRefGroup = C35C14C123888C9C002F2B4C /* Products */;
			projectDirPath = "";
			projectRoot = "";
			targets = (
				C35C14BF23888C9C002F2B4C /* SwiftUI_test3 */,
				C35C14D523888C9D002F2B4C /* SwiftUI_test3Tests */,
				C35C14E023888C9D002F2B4C /* SwiftUI_test3UITests */,
			);
		};
/* End PBXProject section */

/* Begin PBXResourcesBuildPhase section */
		C35C14BE23888C9C002F2B4C /* Resources */ = {
			isa = PBXResourcesBuildPhase;
			buildActionMask = 2147483647;
			files = (
				C38E0A222388A7E00015A015 /* stmarylake.jpg in Resources */,
				C38E0A2B2388A7F20015A015 /* hiddenlake.jpg in Resources */,
				C38E0A202388A7E00015A015 /* rainbowlake.jpg in Resources */,
				C38E0A1F2388A7E00015A015 /* umbagog.jpg in Resources */,
				C38E0A212388A7E00015A015 /* twinlake.jpg in Resources */,
				C35C14D023888C9D002F2B4C /* LaunchScreen.storyboard in Resources */,
				C38E0A232388A7E00015A015 /* silversalmoncreek.jpg in Resources */,
				C38E0A2A2388A7F20015A015 /* lakemcdonald.jpg in Resources */,
				C35C14FE23889E51002F2B4C /* landmarkData.json in Resources */,
				C38E0A2E2388A7F20015A015 /* chilkoottrail.jpg in Resources */,
				C38E0A2D2388A7F20015A015 /* chincoteague.jpg in Resources */,
				C38E0A242388A7E00015A015 /* yukon_charleyrivers.jpg in Resources */,
				C35C14CD23888C9D002F2B4C /* Preview Assets.xcassets in Resources */,
				C35C14CA23888C9D002F2B4C /* Assets.xcassets in Resources */,
				C38E0A2C2388A7F20015A015 /* icybay.jpg in Resources */,
				C38E0A1E2388A7E00015A015 /* turtlerock.jpg in Resources */,
			);
			runOnlyForDeploymentPostprocessing = 0;
		};
		C35C14D423888C9D002F2B4C /* Resources */ = {
			isa = PBXResourcesBuildPhase;
			buildActionMask = 2147483647;
			files = (
			);
			runOnlyForDeploymentPostprocessing = 0;
		};
		C35C14DF23888C9D002F2B4C /* Resources */ = {
			isa = PBXResourcesBuildPhase;
			buildActionMask = 2147483647;
			files = (
			);
			runOnlyForDeploymentPostprocessing = 0;
		};
/* End PBXResourcesBuildPhase section */

/* Begin PBXSourcesBuildPhase section */
		C35C14BC23888C9C002F2B4C /* Sources */ = {
			isa = PBXSourcesBuildPhase;
			buildActionMask = 2147483647;
			files = (
				C38E0A362388CA5D0015A015 /* HexagonParameters.swift in Sources */,
				C35C14FB23889E03002F2B4C /* Landmark.swift in Sources */,
				C35C14C423888C9C002F2B4C /* AppDelegate.swift in Sources */,
				C38E0A342388CA0A0015A015 /* Badge.swift in Sources */,
				C35C14FA23889E03002F2B4C /* Data.swift in Sources */,
				C35C14F423889637002F2B4C /* CircleImage.swift in Sources */,
				C38E0A302388A9F30015A015 /* LandmarkList.swift in Sources */,
				C35C14F6238898D6002F2B4C /* MapView.swift in Sources */,
				C35C14C623888C9C002F2B4C /* SceneDelegate.swift in Sources */,
				C3691D7B2388A526008FBC22 /* LandmarkRow.swift in Sources */,
				C38E0A322388BAFC0015A015 /* UserData.swift in Sources */,
				C3691D792388A254008FBC22 /* LandmarkDetail.swift in Sources */,
			);
			runOnlyForDeploymentPostprocessing = 0;
		};
		C35C14D223888C9D002F2B4C /* Sources */ = {
			isa = PBXSourcesBuildPhase;
			buildActionMask = 2147483647;
			files = (
				C35C14DB23888C9D002F2B4C /* SwiftUI_test3Tests.swift in Sources */,
			);
			runOnlyForDeploymentPostprocessing = 0;
		};
		C35C14DD23888C9D002F2B4C /* Sources */ = {
			isa = PBXSourcesBuildPhase;
			buildActionMask = 2147483647;
			files = (
				C35C14E623888C9D002F2B4C /* SwiftUI_test3UITests.swift in Sources */,
			);
			runOnlyForDeploymentPostprocessing = 0;
		};
/* End PBXSourcesBuildPhase section */

/* Begin PBXTargetDependency section */
		C35C14D823888C9D002F2B4C /* PBXTargetDependency */ = {
			isa = PBXTargetDependency;
			target = C35C14BF23888C9C002F2B4C /* SwiftUI_test3 */;
			targetProxy = C35C14D723888C9D002F2B4C /* PBXContainerItemProxy */;
		};
		C35C14E323888C9D002F2B4C /* PBXTargetDependency */ = {
			isa = PBXTargetDependency;
			target = C35C14BF23888C9C002F2B4C /* SwiftUI_test3 */;
			targetProxy = C35C14E223888C9D002F2B4C /* PBXContainerItemProxy */;
		};
/* End PBXTargetDependency section */

/* Begin PBXVariantGroup section */
		C35C14CE23888C9D002F2B4C /* LaunchScreen.storyboard */ = {
			isa = PBXVariantGroup;
			children = (
				C35C14CF23888C9D002F2B4C /* Base */,
			);
			name = LaunchScreen.storyboard;
			sourceTree = "<group>";
		};
/* End PBXVariantGroup section */

/* Begin XCBuildConfiguration section */
		C35C14E823888C9D002F2B4C /* Debug */ = {
			isa = XCBuildConfiguration;
			buildSettings = {
				ALWAYS_SEARCH_USER_PATHS = NO;
				CLANG_ANALYZER_NONNULL = YES;
				CLANG_ANALYZER_NUMBER_OBJECT_CONVERSION = YES_AGGRESSIVE;
				CLANG_CXX_LANGUAGE_STANDARD = "gnu++14";
				CLANG_CXX_LIBRARY = "libc++";
				CLANG_ENABLE_MODULES = YES;
				CLANG_ENABLE_OBJC_ARC = YES;
				CLANG_ENABLE_OBJC_WEAK = YES;
				CLANG_WARN_BLOCK_CAPTURE_AUTORELEASING = YES;
				CLANG_WARN_BOOL_CONVERSION = YES;
				CLANG_WARN_COMMA = YES;
				CLANG_WARN_CONSTANT_CONVERSION = YES;
				CLANG_WARN_DEPRECATED_OBJC_IMPLEMENTATIONS = YES;
				CLANG_WARN_DIRECT_OBJC_ISA_USAGE = YES_ERROR;
				CLANG_WARN_DOCUMENTATION_COMMENTS = YES;
				CLANG_WARN_EMPTY_BODY = YES;
				CLANG_WARN_ENUM_CONVERSION = YES;
				CLANG_WARN_INFINITE_RECURSION = YES;
				CLANG_WARN_INT_CONVERSION = YES;
				CLANG_WARN_NON_LITERAL_NULL_CONVERSION = YES;
				CLANG_WARN_OBJC_IMPLICIT_RETAIN_SELF = YES;
				CLANG_WARN_OBJC_LITERAL_CONVERSION = YES;
				CLANG_WARN_OBJC_ROOT_CLASS = YES_ERROR;
				CLANG_WARN_RANGE_LOOP_ANALYSIS = YES;
				CLANG_WARN_STRICT_PROTOTYPES = YES;
				CLANG_WARN_SUSPICIOUS_MOVE = YES;
				CLANG_WARN_UNGUARDED_AVAILABILITY = YES_AGGRESSIVE;
				CLANG_WARN_UNREACHABLE_CODE = YES;
				CLANG_WARN__DUPLICATE_METHOD_MATCH = YES;
				COPY_PHASE_STRIP = NO;
				DEBUG_INFORMATION_FORMAT = dwarf;
				ENABLE_STRICT_OBJC_MSGSEND = YES;
				ENABLE_TESTABILITY = YES;
				GCC_C_LANGUAGE_STANDARD = gnu11;
				GCC_DYNAMIC_NO_PIC = NO;
				GCC_NO_COMMON_BLOCKS = YES;
				GCC_OPTIMIZATION_LEVEL = 0;
				GCC_PREPROCESSOR_DEFINITIONS = (
					"DEBUG=1",
					"$(inherited)",
				);
				GCC_WARN_64_TO_32_BIT_CONVERSION = YES;
				GCC_WARN_ABOUT_RETURN_TYPE = YES_ERROR;
				GCC_WARN_UNDECLARED_SELECTOR = YES;
				GCC_WARN_UNINITIALIZED_AUTOS = YES_AGGRESSIVE;
				GCC_WARN_UNUSED_FUNCTION = YES;
				GCC_WARN_UNUSED_VARIABLE = YES;
				IPHONEOS_DEPLOYMENT_TARGET = 13.2;
				MTL_ENABLE_DEBUG_INFO = INCLUDE_SOURCE;
				MTL_FAST_MATH = YES;
				ONLY_ACTIVE_ARCH = YES;
				SDKROOT = iphoneos;
				SWIFT_ACTIVE_COMPILATION_CONDITIONS = DEBUG;
				SWIFT_OPTIMIZATION_LEVEL = "-Onone";
			};
			name = Debug;
		};
		C35C14E923888C9D002F2B4C /* Release */ = {
			isa = XCBuildConfiguration;
			buildSettings = {
				ALWAYS_SEARCH_USER_PATHS = NO;
				CLANG_ANALYZER_NONNULL = YES;
				CLANG_ANALYZER_NUMBER_OBJECT_CONVERSION = YES_AGGRESSIVE;
				CLANG_CXX_LANGUAGE_STANDARD = "gnu++14";
				CLANG_CXX_LIBRARY = "libc++";
				CLANG_ENABLE_MODULES = YES;
				CLANG_ENABLE_OBJC_ARC = YES;
				CLANG_ENABLE_OBJC_WEAK = YES;
				CLANG_WARN_BLOCK_CAPTURE_AUTORELEASING = YES;
				CLANG_WARN_BOOL_CONVERSION = YES;
				CLANG_WARN_COMMA = YES;
				CLANG_WARN_CONSTANT_CONVERSION = YES;
				CLANG_WARN_DEPRECATED_OBJC_IMPLEMENTATIONS = YES;
				CLANG_WARN_DIRECT_OBJC_ISA_USAGE = YES_ERROR;
				CLANG_WARN_DOCUMENTATION_COMMENTS = YES;
				CLANG_WARN_EMPTY_BODY = YES;
				CLANG_WARN_ENUM_CONVERSION = YES;
				CLANG_WARN_INFINITE_RECURSION = YES;
				CLANG_WARN_INT_CONVERSION = YES;
				CLANG_WARN_NON_LITERAL_NULL_CONVERSION = YES;
				CLANG_WARN_OBJC_IMPLICIT_RETAIN_SELF = YES;
				CLANG_WARN_OBJC_LITERAL_CONVERSION = YES;
				CLANG_WARN_OBJC_ROOT_CLASS = YES_ERROR;
				CLANG_WARN_RANGE_LOOP_ANALYSIS = YES;
				CLANG_WARN_STRICT_PROTOTYPES = YES;
				CLANG_WARN_SUSPICIOUS_MOVE = YES;
				CLANG_WARN_UNGUARDED_AVAILABILITY = YES_AGGRESSIVE;
				CLANG_WARN_UNREACHABLE_CODE = YES;
				CLANG_WARN__DUPLICATE_METHOD_MATCH = YES;
				COPY_PHASE_STRIP = NO;
				DEBUG_INFORMATION_FORMAT = "dwarf-with-dsym";
				ENABLE_NS_ASSERTIONS = NO;
				ENABLE_STRICT_OBJC_MSGSEND = YES;
				GCC_C_LANGUAGE_STANDARD = gnu11;
				GCC_NO_COMMON_BLOCKS = YES;
				GCC_WARN_64_TO_32_BIT_CONVERSION = YES;
				GCC_WARN_ABOUT_RETURN_TYPE = YES_ERROR;
				GCC_WARN_UNDECLARED_SELECTOR = YES;
				GCC_WARN_UNINITIALIZED_AUTOS = YES_AGGRESSIVE;
				GCC_WARN_UNUSED_FUNCTION = YES;
				GCC_WARN_UNUSED_VARIABLE = YES;
				IPHONEOS_DEPLOYMENT_TARGET = 13.2;
				MTL_ENABLE_DEBUG_INFO = NO;
				MTL_FAST_MATH = YES;
				SDKROOT = iphoneos;
				SWIFT_COMPILATION_MODE = wholemodule;
				SWIFT_OPTIMIZATION_LEVEL = "-O";
				VALIDATE_PRODUCT = YES;
			};
			name = Release;
		};
		C35C14EB23888C9D002F2B4C /* Debug */ = {
			isa = XCBuildConfiguration;
			buildSettings = {
				ASSETCATALOG_COMPILER_APPICON_NAME = AppIcon;
				CODE_SIGN_STYLE = Automatic;
				DEVELOPMENT_ASSET_PATHS = "\"SwiftUI_test3/Preview Content\"";
				DEVELOPMENT_TEAM = MUL3FC5HDL;
				ENABLE_PREVIEWS = YES;
				INFOPLIST_FILE = SwiftUI_test3/Info.plist;
				LD_RUNPATH_SEARCH_PATHS = (
					"$(inherited)",
					"@executable_path/Frameworks",
				);
				PRODUCT_BUNDLE_IDENTIFIER = "pro.intec.SwiftUI-test3";
				PRODUCT_NAME = "$(TARGET_NAME)";
				SWIFT_VERSION = 5.0;
				TARGETED_DEVICE_FAMILY = "1,2";
			};
			name = Debug;
		};
		C35C14EC23888C9D002F2B4C /* Release */ = {
			isa = XCBuildConfiguration;
			buildSettings = {
				ASSETCATALOG_COMPILER_APPICON_NAME = AppIcon;
				CODE_SIGN_STYLE = Automatic;
				DEVELOPMENT_ASSET_PATHS = "\"SwiftUI_test3/Preview Content\"";
				DEVELOPMENT_TEAM = MUL3FC5HDL;
				ENABLE_PREVIEWS = YES;
				INFOPLIST_FILE = SwiftUI_test3/Info.plist;
				LD_RUNPATH_SEARCH_PATHS = (
					"$(inherited)",
					"@executable_path/Frameworks",
				);
				PRODUCT_BUNDLE_IDENTIFIER = "pro.intec.SwiftUI-test3";
				PRODUCT_NAME = "$(TARGET_NAME)";
				SWIFT_VERSION = 5.0;
				TARGETED_DEVICE_FAMILY = "1,2";
			};
			name = Release;
		};
		C35C14EE23888C9D002F2B4C /* Debug */ = {
			isa = XCBuildConfiguration;
			buildSettings = {
				ALWAYS_EMBED_SWIFT_STANDARD_LIBRARIES = YES;
				BUNDLE_LOADER = "$(TEST_HOST)";
				CODE_SIGN_STYLE = Automatic;
				DEVELOPMENT_TEAM = MUL3FC5HDL;
				INFOPLIST_FILE = SwiftUI_test3Tests/Info.plist;
				IPHONEOS_DEPLOYMENT_TARGET = 13.2;
				LD_RUNPATH_SEARCH_PATHS = (
					"$(inherited)",
					"@executable_path/Frameworks",
					"@loader_path/Frameworks",
				);
				PRODUCT_BUNDLE_IDENTIFIER = "pro.intec.SwiftUI-test3Tests";
				PRODUCT_NAME = "$(TARGET_NAME)";
				SWIFT_VERSION = 5.0;
				TARGETED_DEVICE_FAMILY = "1,2";
				TEST_HOST = "$(BUILT_PRODUCTS_DIR)/SwiftUI_test3.app/SwiftUI_test3";
			};
			name = Debug;
		};
		C35C14EF23888C9D002F2B4C /* Release */ = {
			isa = XCBuildConfiguration;
			buildSettings = {
				ALWAYS_EMBED_SWIFT_STANDARD_LIBRARIES = YES;
				BUNDLE_LOADER = "$(TEST_HOST)";
				CODE_SIGN_STYLE = Automatic;
				DEVELOPMENT_TEAM = MUL3FC5HDL;
				INFOPLIST_FILE = SwiftUI_test3Tests/Info.plist;
				IPHONEOS_DEPLOYMENT_TARGET = 13.2;
				LD_RUNPATH_SEARCH_PATHS = (
					"$(inherited)",
					"@executable_path/Frameworks",
					"@loader_path/Frameworks",
				);
				PRODUCT_BUNDLE_IDENTIFIER = "pro.intec.SwiftUI-test3Tests";
				PRODUCT_NAME = "$(TARGET_NAME)";
				SWIFT_VERSION = 5.0;
				TARGETED_DEVICE_FAMILY = "1,2";
				TEST_HOST = "$(BUILT_PRODUCTS_DIR)/SwiftUI_test3.app/SwiftUI_test3";
			};
			name = Release;
		};
		C35C14F123888C9D002F2B4C /* Debug */ = {
			isa = XCBuildConfiguration;
			buildSettings = {
				ALWAYS_EMBED_SWIFT_STANDARD_LIBRARIES = YES;
				CODE_SIGN_STYLE = Automatic;
				DEVELOPMENT_TEAM = MUL3FC5HDL;
				INFOPLIST_FILE = SwiftUI_test3UITests/Info.plist;
				LD_RUNPATH_SEARCH_PATHS = (
					"$(inherited)",
					"@executable_path/Frameworks",
					"@loader_path/Frameworks",
				);
				PRODUCT_BUNDLE_IDENTIFIER = "pro.intec.SwiftUI-test3UITests";
				PRODUCT_NAME = "$(TARGET_NAME)";
				SWIFT_VERSION = 5.0;
				TARGETED_DEVICE_FAMILY = "1,2";
				TEST_TARGET_NAME = SwiftUI_test3;
			};
			name = Debug;
		};
		C35C14F223888C9D002F2B4C /* Release */ = {
			isa = XCBuildConfiguration;
			buildSettings = {
				ALWAYS_EMBED_SWIFT_STANDARD_LIBRARIES = YES;
				CODE_SIGN_STYLE = Automatic;
				DEVELOPMENT_TEAM = MUL3FC5HDL;
				INFOPLIST_FILE = SwiftUI_test3UITests/Info.plist;
				LD_RUNPATH_SEARCH_PATHS = (
					"$(inherited)",
					"@executable_path/Frameworks",
					"@loader_path/Frameworks",
				);
				PRODUCT_BUNDLE_IDENTIFIER = "pro.intec.SwiftUI-test3UITests";
				PRODUCT_NAME = "$(TARGET_NAME)";
				SWIFT_VERSION = 5.0;
				TARGETED_DEVICE_FAMILY = "1,2";
				TEST_TARGET_NAME = SwiftUI_test3;
			};
			name = Release;
		};
/* End XCBuildConfiguration section */

/* Begin XCConfigurationList section */
		C35C14BB23888C9C002F2B4C /* Build configuration list for PBXProject "SwiftUI_test3" */ = {
			isa = XCConfigurationList;
			buildConfigurations = (
				C35C14E823888C9D002F2B4C /* Debug */,
				C35C14E923888C9D002F2B4C /* Release */,
			);
			defaultConfigurationIsVisible = 0;
			defaultConfigurationName = Release;
		};
		C35C14EA23888C9D002F2B4C /* Build configuration list for PBXNativeTarget "SwiftUI_test3" */ = {
			isa = XCConfigurationList;
			buildConfigurations = (
				C35C14EB23888C9D002F2B4C /* Debug */,
				C35C14EC23888C9D002F2B4C /* Release */,
			);
			defaultConfigurationIsVisible = 0;
			defaultConfigurationName = Release;
		};
		C35C14ED23888C9D002F2B4C /* Build configuration list for PBXNativeTarget "SwiftUI_test3Tests" */ = {
			isa = XCConfigurationList;
			buildConfigurations = (
				C35C14EE23888C9D002F2B4C /* Debug */,
				C35C14EF23888C9D002F2B4C /* Release */,
			);
			defaultConfigurationIsVisible = 0;
			defaultConfigurationName = Release;
		};
		C35C14F023888C9D002F2B4C /* Build configuration list for PBXNativeTarget "SwiftUI_test3UITests" */ = {
			isa = XCConfigurationList;
			buildConfigurations = (
				C35C14F123888C9D002F2B4C /* Debug */,
				C35C14F223888C9D002F2B4C /* Release */,
			);
			defaultConfigurationIsVisible = 0;
			defaultConfigurationName = Release;
		};
/* End XCConfigurationList section */
	};
	rootObject = C35C14B823888C9C002F2B4C /* Project object */;
}
